
Microsoft Visual Studio Solution File, Format Version 12.00
# Visual Studio Version 16
VisualStudioVersion = 16.0.29009.5
MinimumVisualStudioVersion = 10.0.40219.1
Project("{2150E333-8FDC-42A3-9474-1A3956D46DE8}") = "Solution Items", "Solution Items", "{1F00783D-ED85-46C0-B3CD-B3F12D3B4315}"
	ProjectSection(SolutionItems) = preProject
		..\.gitattributes = ..\.gitattributes
		..\.gitignore = ..\.gitignore
		..\build.cake = ..\build.cake
		..\build.ps1 = ..\build.ps1
		..\build.sh = ..\build.sh
		..\CHANGELOG.md = ..\CHANGELOG.md
		..\README.md = ..\README.md
	EndProjectSection
EndProject
Project("{FAE04EC0-301F-11D3-BF4B-00C04F79EFBC}") = "Astrostatus", "Astrostatus\Astrostatus.csproj", "{1DF8DBB2-DDBA-4C41-9276-CB5EF570FAA9}"
EndProject
Global
	GlobalSection(SolutionConfigurationPlatforms) = preSolution
		Debug|Any CPU = Debug|Any CPU
		Release|Any CPU = Release|Any CPU
	EndGlobalSection
	GlobalSection(ProjectConfigurationPlatforms) = postSolution
		{1DF8DBB2-DDBA-4C41-9276-CB5EF570FAA9}.Debug|Any CPU.ActiveCfg = Debug|Any CPU
		{1DF8DBB2-DDBA-4C41-9276-CB5EF570FAA9}.Debug|Any CPU.Build.0 = Debug|Any CPU
		{1DF8DBB2-DDBA-4C41-9276-CB5EF570FAA9}.Release|Any CPU.ActiveCfg = Release|Any CPU
		{1DF8DBB2-DDBA-4C41-9276-CB5EF570FAA9}.Release|Any CPU.Build.0 = Release|Any CPU
	EndGlobalSection
	GlobalSection(SolutionProperties) = preSolution
		HideSolutionNode = FALSE
	EndGlobalSection
	GlobalSection(ExtensibilityGlobals) = postSolution
		SolutionGuid = {3D51E6D4-71EE-44BB-902B-E5DFB1C567BB}
	EndGlobalSection
EndGlobal
